# This file is autogenerated, do not edit; changes may be undone by the next 'dep ensure'.


[[projects]]
  name = "github.com/veandco/go-sdl2"
  packages = ["sdl"]
  revision = "d59fa3b143886176f7c484340f3c1952aed89699"
  version = "v0.3.3"

[solve-meta]
  analyzer-name = "dep"
  analyzer-version = 1
  inputs-digest = "d412b63d2d414fa464dfab739d8d0b1bde9558875424211e6ad0162196dd27bc"
  solver-name = "gps-cdcl"
  solver-version = 1
